
Microsoft Visual Studio Solution File, Format Version 12.00
# Visual Studio Version 17
VisualStudioVersion = 17.12.35527.113 d17.12
MinimumVisualStudioVersion = 10.0.40219.1
Project("{8BC9CEB8-8B4A-11D0-8D11-00A0C91BC942}") = "cw6", "cw6\cw6.vcxproj", "{600A29FF-F55F-4816-A13A-5B76119984EC}"
EndProject
Global
	GlobalSection(SolutionConfigurationPlatforms) = preSolution
		Debug|x64 = Debug|x64
		Debug|x86 = Debug|x86
		Release|x64 = Release|x64
		Release|x86 = Release|x86
	EndGlobalSection
	GlobalSection(ProjectConfigurationPlatforms) = postSolution
		{600A29FF-F55F-4816-A13A-5B76119984EC}.Debug|x64.ActiveCfg = Debug|x64
		{600A29FF-F55F-4816-A13A-5B76119984EC}.Debug|x64.Build.0 = Debug|x64
		{600A29FF-F55F-4816-A13A-5B76119984EC}.Debug|x86.ActiveCfg = Debug|Win32
		{600A29FF-F55F-4816-A13A-5B76119984EC}.Debug|x86.Build.0 = Debug|Win32
		{600A29FF-F55F-4816-A13A-5B76119984EC}.Release|x64.ActiveCfg = Release|x64
		{600A29FF-F55F-4816-A13A-5B76119984EC}.Release|x64.Build.0 = Release|x64
		{600A29FF-F55F-4816-A13A-5B76119984EC}.Release|x86.ActiveCfg = Release|Win32
		{600A29FF-F55F-4816-A13A-5B76119984EC}.Release|x86.Build.0 = Release|Win32
	EndGlobalSection
	GlobalSection(SolutionProperties) = preSolution
		HideSolutionNode = FALSE
	EndGlobalSection
EndGlobal
